<?xml version="1.0" encoding="UTF-8" standalone="yes" ?>
<CodeBlocks_project_file>
	<FileVersion major="1" minor="6" />
	<Project>
		<Option title="TwoPhaseTogether" />
		<Option pch_mode="2" />
		<Option compiler="gcc" />
		<Build>
			<Target title="Debug">
				<Option output="bin/Debug/TwoPhaseTogether" prefix_auto="1" extension_auto="1" />
				<Option object_output="obj/Debug/" />
				<Option type="1" />
				<Option compiler="gcc" />
				<Compiler>
					<Add option="-g" />
				</Compiler>
			</Target>
			<Target title="Release">
				<Option output="bin/Release/TwoPhaseTogether" prefix_auto="1" extension_auto="1" />
				<Option object_output="obj/Release/" />
				<Option type="1" />
				<Option compiler="gcc" />
				<Compiler>
					<Add option="-O2" />
				</Compiler>
				<Linker>
					<Add option="-s" />
				</Linker>
			</Target>
		</Build>
		<Compiler>
			<Add option="-Wall" />
			<Add option="-fexceptions" />
		</Compiler>
		<Unit filename="include/DFA.h" />
		<Unit filename="include/DFADriver.h" />
		<Unit filename="include/DFAMinimzer.h" />
		<Unit filename="include/Derivation.h" />
		<Unit filename="include/ErrorMessages.h" />
		<Unit filename="include/GrammerOptimizer.h" />
		<Unit filename="include/GrammerParser.h" />
		<Unit filename="include/NDConverter.h" />
		<Unit filename="include/NFA.h" />
		<Unit filename="include/Parser.h" />
		<Unit filename="include/ParserGenerator.h" />
		<Unit filename="include/RDB.h" />
		<Unit filename="include/Rule.h" />
		<Unit filename="include/SymbolTable.h" />
		<Unit filename="include/SymbolTableEntry.h" />
		<Unit filename="main.cpp" />
		<Unit filename="src/DFA.cpp" />
		<Unit filename="src/DFADriver.cpp" />
		<Unit filename="src/DFAMinimzer.cpp" />
		<Unit filename="src/Derivation.cpp" />
		<Unit filename="src/GrammerOptimizer.cpp" />
		<Unit filename="src/GrammerParser.cpp" />
		<Unit filename="src/NDConverter.cpp" />
		<Unit filename="src/NFA.cpp" />
		<Unit filename="src/Parser.cpp" />
		<Unit filename="src/ParserGenerator.cpp" />
		<Unit filename="src/RDB.cpp" />
		<Unit filename="src/Rule.cpp" />
		<Unit filename="src/SymbolTable.cpp" />
		<Unit filename="src/SymbolTableEntry.cpp" />
		<Extensions>
			<code_completion />
			<envvars />
			<debugger />
			<lib_finder disable_auto="1" />
		</Extensions>
	</Project>
</CodeBlocks_project_file>
